
Microsoft Visual Studio Solution File, Format Version 12.00
# Visual Studio Version 17
VisualStudioVersion = 17.0.31912.275
MinimumVisualStudioVersion = 10.0.40219.1
Project("{9A19103F-16F7-4668-BE54-9A1E7A4F7556}") = "FormatMore", "FormatMore\FormatMore.csproj", "{6A450FEE-44F8-42A2-92BB-9AA149928947}"
EndProject
Project("{9A19103F-16F7-4668-BE54-9A1E7A4F7556}") = "FormatMore.Test", "FormatMore.Test\FormatMore.Test.csproj", "{DA9287AC-C062-4B1E-B5C5-60C0AE57DEB3}"
EndProject
Project("{FAE04EC0-301F-11D3-BF4B-00C04F79EFBC}") = "FormatMore.Sample", "FormatMore.Sample\FormatMore.Sample.csproj", "{C2D60AFA-FA92-40CE-B544-A01A219AD2A6}"
EndProject
Global
	GlobalSection(SolutionConfigurationPlatforms) = preSolution
		Debug|Any CPU = Debug|Any CPU
		Release|Any CPU = Release|Any CPU
	EndGlobalSection
	GlobalSection(ProjectConfigurationPlatforms) = postSolution
		{6A450FEE-44F8-42A2-92BB-9AA149928947}.Debug|Any CPU.ActiveCfg = Debug|Any CPU
		{6A450FEE-44F8-42A2-92BB-9AA149928947}.Debug|Any CPU.Build.0 = Debug|Any CPU
		{6A450FEE-44F8-42A2-92BB-9AA149928947}.Release|Any CPU.ActiveCfg = Release|Any CPU
		{6A450FEE-44F8-42A2-92BB-9AA149928947}.Release|Any CPU.Build.0 = Release|Any CPU
		{DA9287AC-C062-4B1E-B5C5-60C0AE57DEB3}.Debug|Any CPU.ActiveCfg = Debug|Any CPU
		{DA9287AC-C062-4B1E-B5C5-60C0AE57DEB3}.Debug|Any CPU.Build.0 = Debug|Any CPU
		{DA9287AC-C062-4B1E-B5C5-60C0AE57DEB3}.Release|Any CPU.ActiveCfg = Release|Any CPU
		{DA9287AC-C062-4B1E-B5C5-60C0AE57DEB3}.Release|Any CPU.Build.0 = Release|Any CPU
		{C2D60AFA-FA92-40CE-B544-A01A219AD2A6}.Debug|Any CPU.ActiveCfg = Debug|Any CPU
		{C2D60AFA-FA92-40CE-B544-A01A219AD2A6}.Debug|Any CPU.Build.0 = Debug|Any CPU
		{C2D60AFA-FA92-40CE-B544-A01A219AD2A6}.Release|Any CPU.ActiveCfg = Release|Any CPU
		{C2D60AFA-FA92-40CE-B544-A01A219AD2A6}.Release|Any CPU.Build.0 = Release|Any CPU
	EndGlobalSection
	GlobalSection(SolutionProperties) = preSolution
		HideSolutionNode = FALSE
	EndGlobalSection
	GlobalSection(ExtensibilityGlobals) = postSolution
		SolutionGuid = {5F3C9DB7-31C5-4E7E-9846-876AA68D3422}
	EndGlobalSection
EndGlobal
